
Microsoft Visual Studio Solution File, Format Version 12.00
# Visual Studio Version 17
VisualStudioVersion = 17.5.2.0
MinimumVisualStudioVersion = 10.0.40219.1
Project("{2150E333-8FDC-42A3-9474-1A3956D46DE8}") = "src", "src", "{827E0CD3-B72D-47B6-A68D-7590B98EB39B}"
EndProject
Project("{FAE04EC0-301F-11D3-BF4B-00C04F79EFBC}") = "LabelForge.Core", "src\LabelForge.Core\LabelForge.Core.csproj", "{719DA547-9C17-433C-BA5F-7F5067F99F26}"
EndProject
Project("{FAE04EC0-301F-11D3-BF4B-00C04F79EFBC}") = "LabelForge.Database", "src\LabelForge.Database\LabelForge.Database.csproj", "{0EF5CBC3-85EE-4770-9F21-A6C1A293D3B4}"
EndProject
Project("{FAE04EC0-301F-11D3-BF4B-00C04F79EFBC}") = "LabelForge.Server", "src\LabelForge.Server\LabelForge.Server.csproj", "{C73159EE-6D15-4F3E-A44E-E636821569C9}"
EndProject
Project("{FAE04EC0-301F-11D3-BF4B-00C04F79EFBC}") = "LabelForge.PrintAgent", "src\LabelForge.PrintAgent\LabelForge.PrintAgent.csproj", "{1F03F2A6-413E-4F59-B405-E5A2EB7147A5}"
EndProject
Project("{FAE04EC0-301F-11D3-BF4B-00C04F79EFBC}") = "LabelForge.Designer", "src\LabelForge.Designer\LabelForge.Designer.csproj", "{D2B9B458-203F-4634-952A-0A7B0B108743}"
EndProject
Project("{2150E333-8FDC-42A3-9474-1A3956D46DE8}") = "tests", "tests", "{0AB3BF05-4346-4AA6-1389-037BE0695223}"
EndProject
Project("{FAE04EC0-301F-11D3-BF4B-00C04F79EFBC}") = "LabelForge.Core.Tests", "tests\LabelForge.Core.Tests\LabelForge.Core.Tests.csproj", "{035FFE20-34E3-41BA-8602-A316A3C9C282}"
EndProject
Project("{FAE04EC0-301F-11D3-BF4B-00C04F79EFBC}") = "LabelForge.Server.Tests", "tests\LabelForge.Server.Tests\LabelForge.Server.Tests.csproj", "{0800F9FF-F736-4BD3-8A6B-7EFCB7884C54}"
EndProject
Project("{FAE04EC0-301F-11D3-BF4B-00C04F79EFBC}") = "LabelForge.PrintAgent.Tests", "tests\LabelForge.PrintAgent.Tests\LabelForge.PrintAgent.Tests.csproj", "{ADFEDEA3-D0FB-4DF0-A415-1EDE186ECF28}"
EndProject
Global
	GlobalSection(SolutionConfigurationPlatforms) = preSolution
		Debug|Any CPU = Debug|Any CPU
		Debug|x64 = Debug|x64
		Debug|x86 = Debug|x86
		Release|Any CPU = Release|Any CPU
		Release|x64 = Release|x64
		Release|x86 = Release|x86
	EndGlobalSection
	GlobalSection(ProjectConfigurationPlatforms) = postSolution
		{719DA547-9C17-433C-BA5F-7F5067F99F26}.Debug|Any CPU.ActiveCfg = Debug|Any CPU
		{719DA547-9C17-433C-BA5F-7F5067F99F26}.Debug|Any CPU.Build.0 = Debug|Any CPU
		{719DA547-9C17-433C-BA5F-7F5067F99F26}.Debug|x64.ActiveCfg = Debug|Any CPU
		{719DA547-9C17-433C-BA5F-7F5067F99F26}.Debug|x64.Build.0 = Debug|Any CPU
		{719DA547-9C17-433C-BA5F-7F5067F99F26}.Debug|x86.ActiveCfg = Debug|Any CPU
		{719DA547-9C17-433C-BA5F-7F5067F99F26}.Debug|x86.Build.0 = Debug|Any CPU
		{719DA547-9C17-433C-BA5F-7F5067F99F26}.Release|Any CPU.ActiveCfg = Release|Any CPU
		{719DA547-9C17-433C-BA5F-7F5067F99F26}.Release|Any CPU.Build.0 = Release|Any CPU
		{719DA547-9C17-433C-BA5F-7F5067F99F26}.Release|x64.ActiveCfg = Release|Any CPU
		{719DA547-9C17-433C-BA5F-7F5067F99F26}.Release|x64.Build.0 = Release|Any CPU
		{719DA547-9C17-433C-BA5F-7F5067F99F26}.Release|x86.ActiveCfg = Release|Any CPU
		{719DA547-9C17-433C-BA5F-7F5067F99F26}.Release|x86.Build.0 = Release|Any CPU
		{0EF5CBC3-85EE-4770-9F21-A6C1A293D3B4}.Debug|Any CPU.ActiveCfg = Debug|Any CPU
		{0EF5CBC3-85EE-4770-9F21-A6C1A293D3B4}.Debug|Any CPU.Build.0 = Debug|Any CPU
		{0EF5CBC3-85EE-4770-9F21-A6C1A293D3B4}.Debug|x64.ActiveCfg = Debug|Any CPU
		{0EF5CBC3-85EE-4770-9F21-A6C1A293D3B4}.Debug|x64.Build.0 = Debug|Any CPU
		{0EF5CBC3-85EE-4770-9F21-A6C1A293D3B4}.Debug|x86.ActiveCfg = Debug|Any CPU
		{0EF5CBC3-85EE-4770-9F21-A6C1A293D3B4}.Debug|x86.Build.0 = Debug|Any CPU
		{0EF5CBC3-85EE-4770-9F21-A6C1A293D3B4}.Release|Any CPU.ActiveCfg = Release|Any CPU
		{0EF5CBC3-85EE-4770-9F21-A6C1A293D3B4}.Release|Any CPU.Build.0 = Release|Any CPU
		{0EF5CBC3-85EE-4770-9F21-A6C1A293D3B4}.Release|x64.ActiveCfg = Release|Any CPU
		{0EF5CBC3-85EE-4770-9F21-A6C1A293D3B4}.Release|x64.Build.0 = Release|Any CPU
		{0EF5CBC3-85EE-4770-9F21-A6C1A293D3B4}.Release|x86.ActiveCfg = Release|Any CPU
		{0EF5CBC3-85EE-4770-9F21-A6C1A293D3B4}.Release|x86.Build.0 = Release|Any CPU
		{C73159EE-6D15-4F3E-A44E-E636821569C9}.Debug|Any CPU.ActiveCfg = Debug|Any CPU
		{C73159EE-6D15-4F3E-A44E-E636821569C9}.Debug|Any CPU.Build.0 = Debug|Any CPU
		{C73159EE-6D15-4F3E-A44E-E636821569C9}.Debug|x64.ActiveCfg = Debug|Any CPU
		{C73159EE-6D15-4F3E-A44E-E636821569C9}.Debug|x64.Build.0 = Debug|Any CPU
		{C73159EE-6D15-4F3E-A44E-E636821569C9}.Debug|x86.ActiveCfg = Debug|Any CPU
		{C73159EE-6D15-4F3E-A44E-E636821569C9}.Debug|x86.Build.0 = Debug|Any CPU
		{C73159EE-6D15-4F3E-A44E-E636821569C9}.Release|Any CPU.ActiveCfg = Release|Any CPU
		{C73159EE-6D15-4F3E-A44E-E636821569C9}.Release|Any CPU.Build.0 = Release|Any CPU
		{C73159EE-6D15-4F3E-A44E-E636821569C9}.Release|x64.ActiveCfg = Release|Any CPU
		{C73159EE-6D15-4F3E-A44E-E636821569C9}.Release|x64.Build.0 = Release|Any CPU
		{C73159EE-6D15-4F3E-A44E-E636821569C9}.Release|x86.ActiveCfg = Release|Any CPU
		{C73159EE-6D15-4F3E-A44E-E636821569C9}.Release|x86.Build.0 = Release|Any CPU
		{1F03F2A6-413E-4F59-B405-E5A2EB7147A5}.Debug|Any CPU.ActiveCfg = Debug|Any CPU
		{1F03F2A6-413E-4F59-B405-E5A2EB7147A5}.Debug|Any CPU.Build.0 = Debug|Any CPU
		{1F03F2A6-413E-4F59-B405-E5A2EB7147A5}.Debug|x64.ActiveCfg = Debug|Any CPU
		{1F03F2A6-413E-4F59-B405-E5A2EB7147A5}.Debug|x64.Build.0 = Debug|Any CPU
		{1F03F2A6-413E-4F59-B405-E5A2EB7147A5}.Debug|x86.ActiveCfg = Debug|Any CPU
		{1F03F2A6-413E-4F59-B405-E5A2EB7147A5}.Debug|x86.Build.0 = Debug|Any CPU
		{1F03F2A6-413E-4F59-B405-E5A2EB7147A5}.Release|Any CPU.ActiveCfg = Release|Any CPU
		{1F03F2A6-413E-4F59-B405-E5A2EB7147A5}.Release|Any CPU.Build.0 = Release|Any CPU
		{1F03F2A6-413E-4F59-B405-E5A2EB7147A5}.Release|x64.ActiveCfg = Release|Any CPU
		{1F03F2A6-413E-4F59-B405-E5A2EB7147A5}.Release|x64.Build.0 = Release|Any CPU
		{1F03F2A6-413E-4F59-B405-E5A2EB7147A5}.Release|x86.ActiveCfg = Release|Any CPU
		{1F03F2A6-413E-4F59-B405-E5A2EB7147A5}.Release|x86.Build.0 = Release|Any CPU
		{D2B9B458-203F-4634-952A-0A7B0B108743}.Debug|Any CPU.ActiveCfg = Debug|Any CPU
		{D2B9B458-203F-4634-952A-0A7B0B108743}.Debug|Any CPU.Build.0 = Debug|Any CPU
		{D2B9B458-203F-4634-952A-0A7B0B108743}.Debug|x64.ActiveCfg = Debug|Any CPU
		{D2B9B458-203F-4634-952A-0A7B0B108743}.Debug|x64.Build.0 = Debug|Any CPU
		{D2B9B458-203F-4634-952A-0A7B0B108743}.Debug|x86.ActiveCfg = Debug|Any CPU
		{D2B9B458-203F-4634-952A-0A7B0B108743}.Debug|x86.Build.0 = Debug|Any CPU
		{D2B9B458-203F-4634-952A-0A7B0B108743}.Release|Any CPU.ActiveCfg = Release|Any CPU
		{D2B9B458-203F-4634-952A-0A7B0B108743}.Release|Any CPU.Build.0 = Release|Any CPU
		{D2B9B458-203F-4634-952A-0A7B0B108743}.Release|x64.ActiveCfg = Release|Any CPU
		{D2B9B458-203F-4634-952A-0A7B0B108743}.Release|x64.Build.0 = Release|Any CPU
		{D2B9B458-203F-4634-952A-0A7B0B108743}.Release|x86.ActiveCfg = Release|Any CPU
		{D2B9B458-203F-4634-952A-0A7B0B108743}.Release|x86.Build.0 = Release|Any CPU
		{035FFE20-34E3-41BA-8602-A316A3C9C282}.Debug|Any CPU.ActiveCfg = Debug|Any CPU
		{035FFE20-34E3-41BA-8602-A316A3C9C282}.Debug|Any CPU.Build.0 = Debug|Any CPU
		{035FFE20-34E3-41BA-8602-A316A3C9C282}.Debug|x64.ActiveCfg = Debug|Any CPU
		{035FFE20-34E3-41BA-8602-A316A3C9C282}.Debug|x64.Build.0 = Debug|Any CPU
		{035FFE20-34E3-41BA-8602-A316A3C9C282}.Debug|x86.ActiveCfg = Debug|Any CPU
		{035FFE20-34E3-41BA-8602-A316A3C9C282}.Debug|x86.Build.0 = Debug|Any CPU
		{035FFE20-34E3-41BA-8602-A316A3C9C282}.Release|Any CPU.ActiveCfg = Release|Any CPU
		{035FFE20-34E3-41BA-8602-A316A3C9C282}.Release|Any CPU.Build.0 = Release|Any CPU
		{035FFE20-34E3-41BA-8602-A316A3C9C282}.Release|x64.ActiveCfg = Release|Any CPU
		{035FFE20-34E3-41BA-8602-A316A3C9C282}.Release|x64.Build.0 = Release|Any CPU
		{035FFE20-34E3-41BA-8602-A316A3C9C282}.Release|x86.ActiveCfg = Release|Any CPU
		{035FFE20-34E3-41BA-8602-A316A3C9C282}.Release|x86.Build.0 = Release|Any CPU
		{0800F9FF-F736-4BD3-8A6B-7EFCB7884C54}.Debug|Any CPU.ActiveCfg = Debug|Any CPU
		{0800F9FF-F736-4BD3-8A6B-7EFCB7884C54}.Debug|Any CPU.Build.0 = Debug|Any CPU
		{0800F9FF-F736-4BD3-8A6B-7EFCB7884C54}.Debug|x64.ActiveCfg = Debug|Any CPU
		{0800F9FF-F736-4BD3-8A6B-7EFCB7884C54}.Debug|x64.Build.0 = Debug|Any CPU
		{0800F9FF-F736-4BD3-8A6B-7EFCB7884C54}.Debug|x86.ActiveCfg = Debug|Any CPU
		{0800F9FF-F736-4BD3-8A6B-7EFCB7884C54}.Debug|x86.Build.0 = Debug|Any CPU
		{0800F9FF-F736-4BD3-8A6B-7EFCB7884C54}.Release|Any CPU.ActiveCfg = Release|Any CPU
		{0800F9FF-F736-4BD3-8A6B-7EFCB7884C54}.Release|Any CPU.Build.0 = Release|Any CPU
		{0800F9FF-F736-4BD3-8A6B-7EFCB7884C54}.Release|x64.ActiveCfg = Release|Any CPU
		{0800F9FF-F736-4BD3-8A6B-7EFCB7884C54}.Release|x64.Build.0 = Release|Any CPU
		{0800F9FF-F736-4BD3-8A6B-7EFCB7884C54}.Release|x86.ActiveCfg = Release|Any CPU
		{0800F9FF-F736-4BD3-8A6B-7EFCB7884C54}.Release|x86.Build.0 = Release|Any CPU
		{ADFEDEA3-D0FB-4DF0-A415-1EDE186ECF28}.Debug|Any CPU.ActiveCfg = Debug|Any CPU
		{ADFEDEA3-D0FB-4DF0-A415-1EDE186ECF28}.Debug|Any CPU.Build.0 = Debug|Any CPU
		{ADFEDEA3-D0FB-4DF0-A415-1EDE186ECF28}.Debug|x64.ActiveCfg = Debug|Any CPU
		{ADFEDEA3-D0FB-4DF0-A415-1EDE186ECF28}.Debug|x64.Build.0 = Debug|Any CPU
		{ADFEDEA3-D0FB-4DF0-A415-1EDE186ECF28}.Debug|x86.ActiveCfg = Debug|Any CPU
		{ADFEDEA3-D0FB-4DF0-A415-1EDE186ECF28}.Debug|x86.Build.0 = Debug|Any CPU
		{ADFEDEA3-D0FB-4DF0-A415-1EDE186ECF28}.Release|Any CPU.ActiveCfg = Release|Any CPU
		{ADFEDEA3-D0FB-4DF0-A415-1EDE186ECF28}.Release|Any CPU.Build.0 = Release|Any CPU
		{ADFEDEA3-D0FB-4DF0-A415-1EDE186ECF28}.Release|x64.ActiveCfg = Release|Any CPU
		{ADFEDEA3-D0FB-4DF0-A415-1EDE186ECF28}.Release|x64.Build.0 = Release|Any CPU
		{ADFEDEA3-D0FB-4DF0-A415-1EDE186ECF28}.Release|x86.ActiveCfg = Release|Any CPU
		{ADFEDEA3-D0FB-4DF0-A415-1EDE186ECF28}.Release|x86.Build.0 = Release|Any CPU
	EndGlobalSection
	GlobalSection(SolutionProperties) = preSolution
		HideSolutionNode = FALSE
	EndGlobalSection
	GlobalSection(NestedProjects) = preSolution
		{719DA547-9C17-433C-BA5F-7F5067F99F26} = {827E0CD3-B72D-47B6-A68D-7590B98EB39B}
		{0EF5CBC3-85EE-4770-9F21-A6C1A293D3B4} = {827E0CD3-B72D-47B6-A68D-7590B98EB39B}
		{C73159EE-6D15-4F3E-A44E-E636821569C9} = {827E0CD3-B72D-47B6-A68D-7590B98EB39B}
		{1F03F2A6-413E-4F59-B405-E5A2EB7147A5} = {827E0CD3-B72D-47B6-A68D-7590B98EB39B}
		{D2B9B458-203F-4634-952A-0A7B0B108743} = {827E0CD3-B72D-47B6-A68D-7590B98EB39B}
		{035FFE20-34E3-41BA-8602-A316A3C9C282} = {0AB3BF05-4346-4AA6-1389-037BE0695223}
		{0800F9FF-F736-4BD3-8A6B-7EFCB7884C54} = {0AB3BF05-4346-4AA6-1389-037BE0695223}
		{ADFEDEA3-D0FB-4DF0-A415-1EDE186ECF28} = {0AB3BF05-4346-4AA6-1389-037BE0695223}
	EndGlobalSection
	GlobalSection(ExtensibilityGlobals) = postSolution
		SolutionGuid = {96665425-4CE2-44F5-81EC-3C13EBEA9C55}
	EndGlobalSection
EndGlobal
